
Microsoft Visual Studio Solution File, Format Version 12.00
# Visual Studio Version 17
VisualStudioVersion = 17.1.32421.90
MinimumVisualStudioVersion = 10.0.40219.1
Project("{FAE04EC0-301F-11D3-BF4B-00C04F79EFBC}") = "Simple Banking System", "Simple Banking System\Simple Banking System.csproj", "{8F53559A-0EBD-49C3-A7BA-80316C76246D}"
EndProject
Global
	GlobalSection(SolutionConfigurationPlatforms) = preSolution
		Debug|Any CPU = Debug|Any CPU
		Release|Any CPU = Release|Any CPU
	EndGlobalSection
	GlobalSection(ProjectConfigurationPlatforms) = postSolution
		{8F53559A-0EBD-49C3-A7BA-80316C76246D}.Debug|Any CPU.ActiveCfg = Debug|Any CPU
		{8F53559A-0EBD-49C3-A7BA-80316C76246D}.Debug|Any CPU.Build.0 = Debug|Any CPU
		{8F53559A-0EBD-49C3-A7BA-80316C76246D}.Release|Any CPU.ActiveCfg = Release|Any CPU
		{8F53559A-0EBD-49C3-A7BA-80316C76246D}.Release|Any CPU.Build.0 = Release|Any CPU
	EndGlobalSection
	GlobalSection(SolutionProperties) = preSolution
		HideSolutionNode = FALSE
	EndGlobalSection
	GlobalSection(ExtensibilityGlobals) = postSolution
		SolutionGuid = {E9994095-0139-4FDE-98FF-B8FBAA08CF34}
	EndGlobalSection
EndGlobal
